
Microsoft Visual Studio Solution File, Format Version 12.00
# Visual Studio 15
VisualStudioVersion = 15.0.28307.902
MinimumVisualStudioVersion = 10.0.40219.1
Project("{00D1A9C2-B5F0-4AF3-8072-F6C62B433612}") = "trainingDW", "trainingDW\trainingDW.sqlproj", "{2B8CC657-8C68-478C-A0F7-36BDCA9ADDDA}"
EndProject
Global
	GlobalSection(SolutionConfigurationPlatforms) = preSolution
		Debug|Any CPU = Debug|Any CPU
		Release|Any CPU = Release|Any CPU
	EndGlobalSection
	GlobalSection(ProjectConfigurationPlatforms) = postSolution
		{2B8CC657-8C68-478C-A0F7-36BDCA9ADDDA}.Debug|Any CPU.ActiveCfg = Debug|Any CPU
		{2B8CC657-8C68-478C-A0F7-36BDCA9ADDDA}.Debug|Any CPU.Build.0 = Debug|Any CPU
		{2B8CC657-8C68-478C-A0F7-36BDCA9ADDDA}.Debug|Any CPU.Deploy.0 = Debug|Any CPU
		{2B8CC657-8C68-478C-A0F7-36BDCA9ADDDA}.Release|Any CPU.ActiveCfg = Release|Any CPU
		{2B8CC657-8C68-478C-A0F7-36BDCA9ADDDA}.Release|Any CPU.Build.0 = Release|Any CPU
		{2B8CC657-8C68-478C-A0F7-36BDCA9ADDDA}.Release|Any CPU.Deploy.0 = Release|Any CPU
	EndGlobalSection
	GlobalSection(SolutionProperties) = preSolution
		HideSolutionNode = FALSE
	EndGlobalSection
	GlobalSection(ExtensibilityGlobals) = postSolution
		SolutionGuid = {E78B9F59-071B-4861-9920-CB87C913E5B5}
	EndGlobalSection
EndGlobal
